
Microsoft Visual Studio Solution File, Format Version 12.00
# Visual Studio Version 17
VisualStudioVersion = 17.12.35707.178
MinimumVisualStudioVersion = 10.0.40219.1
Project("{FAE04EC0-301F-11D3-BF4B-00C04F79EFBC}") = "InventoryManagement.Domain", "InventoryManagement.Domain\InventoryManagement.Domain.csproj", "{913D6794-A665-47D7-A34B-838E67C3C329}"
EndProject
Project("{FAE04EC0-301F-11D3-BF4B-00C04F79EFBC}") = "InventoryManagement.API", "InventoryManagement.API\InventoryManagement.API.csproj", "{D228BCFC-21DA-44B0-B97B-94DF2FF71F7A}"
EndProject
Project("{FAE04EC0-301F-11D3-BF4B-00C04F79EFBC}") = "InventoryManagement.Infrastructure", "InventoryManagement.Infrastructure\InventoryManagement.Infrastructure.csproj", "{AC860024-C04A-40B1-BE55-B1DC26EF47A7}"
EndProject
Project("{FAE04EC0-301F-11D3-BF4B-00C04F79EFBC}") = "InventoryManagement.Application", "InventoryManagement.Application\InventoryManagement.Application.csproj", "{511FE462-39F6-48CF-B755-958DFBFD2D99}"
EndProject
Project("{2150E333-8FDC-42A3-9474-1A3956D46DE8}") = "Shared", "Shared", "{7EAC12C7-2AF2-4A23-AF8D-6156B501B3BF}"
EndProject
Project("{FAE04EC0-301F-11D3-BF4B-00C04F79EFBC}") = "InventoryManagement.Shared.Abstractions", "InventoryManagement.Shared.Abstractions\InventoryManagement.Shared.Abstractions.csproj", "{20429FFA-9DE7-4CF8-9468-AD3846AF9CF6}"
EndProject
Global
	GlobalSection(SolutionConfigurationPlatforms) = preSolution
		Debug|Any CPU = Debug|Any CPU
		Release|Any CPU = Release|Any CPU
	EndGlobalSection
	GlobalSection(ProjectConfigurationPlatforms) = postSolution
		{913D6794-A665-47D7-A34B-838E67C3C329}.Debug|Any CPU.ActiveCfg = Debug|Any CPU
		{913D6794-A665-47D7-A34B-838E67C3C329}.Debug|Any CPU.Build.0 = Debug|Any CPU
		{913D6794-A665-47D7-A34B-838E67C3C329}.Release|Any CPU.ActiveCfg = Release|Any CPU
		{913D6794-A665-47D7-A34B-838E67C3C329}.Release|Any CPU.Build.0 = Release|Any CPU
		{D228BCFC-21DA-44B0-B97B-94DF2FF71F7A}.Debug|Any CPU.ActiveCfg = Debug|Any CPU
		{D228BCFC-21DA-44B0-B97B-94DF2FF71F7A}.Debug|Any CPU.Build.0 = Debug|Any CPU
		{D228BCFC-21DA-44B0-B97B-94DF2FF71F7A}.Release|Any CPU.ActiveCfg = Release|Any CPU
		{D228BCFC-21DA-44B0-B97B-94DF2FF71F7A}.Release|Any CPU.Build.0 = Release|Any CPU
		{AC860024-C04A-40B1-BE55-B1DC26EF47A7}.Debug|Any CPU.ActiveCfg = Debug|Any CPU
		{AC860024-C04A-40B1-BE55-B1DC26EF47A7}.Debug|Any CPU.Build.0 = Debug|Any CPU
		{AC860024-C04A-40B1-BE55-B1DC26EF47A7}.Release|Any CPU.ActiveCfg = Release|Any CPU
		{AC860024-C04A-40B1-BE55-B1DC26EF47A7}.Release|Any CPU.Build.0 = Release|Any CPU
		{511FE462-39F6-48CF-B755-958DFBFD2D99}.Debug|Any CPU.ActiveCfg = Debug|Any CPU
		{511FE462-39F6-48CF-B755-958DFBFD2D99}.Debug|Any CPU.Build.0 = Debug|Any CPU
		{511FE462-39F6-48CF-B755-958DFBFD2D99}.Release|Any CPU.ActiveCfg = Release|Any CPU
		{511FE462-39F6-48CF-B755-958DFBFD2D99}.Release|Any CPU.Build.0 = Release|Any CPU
		{20429FFA-9DE7-4CF8-9468-AD3846AF9CF6}.Debug|Any CPU.ActiveCfg = Debug|Any CPU
		{20429FFA-9DE7-4CF8-9468-AD3846AF9CF6}.Debug|Any CPU.Build.0 = Debug|Any CPU
		{20429FFA-9DE7-4CF8-9468-AD3846AF9CF6}.Release|Any CPU.ActiveCfg = Release|Any CPU
		{20429FFA-9DE7-4CF8-9468-AD3846AF9CF6}.Release|Any CPU.Build.0 = Release|Any CPU
	EndGlobalSection
	GlobalSection(SolutionProperties) = preSolution
		HideSolutionNode = FALSE
	EndGlobalSection
	GlobalSection(NestedProjects) = preSolution
		{20429FFA-9DE7-4CF8-9468-AD3846AF9CF6} = {7EAC12C7-2AF2-4A23-AF8D-6156B501B3BF}
	EndGlobalSection
EndGlobal
